
Microsoft Visual Studio Solution File, Format Version 12.00
# Visual Studio Version 16
VisualStudioVersion = 16.0.29519.181
MinimumVisualStudioVersion = 10.0.40219.1
Project("{FAE04EC0-301F-11D3-BF4B-00C04F79EFBC}") = "SiHan.Asp.Ip", "SiHan.Asp.Ip\SiHan.Asp.Ip.csproj", "{017FCBAF-B6A3-415A-9D15-60EE1E06DC82}"
EndProject
Global
	GlobalSection(SolutionConfigurationPlatforms) = preSolution
		Debug|Any CPU = Debug|Any CPU
		Release|Any CPU = Release|Any CPU
	EndGlobalSection
	GlobalSection(ProjectConfigurationPlatforms) = postSolution
		{017FCBAF-B6A3-415A-9D15-60EE1E06DC82}.Debug|Any CPU.ActiveCfg = Debug|Any CPU
		{017FCBAF-B6A3-415A-9D15-60EE1E06DC82}.Debug|Any CPU.Build.0 = Debug|Any CPU
		{017FCBAF-B6A3-415A-9D15-60EE1E06DC82}.Release|Any CPU.ActiveCfg = Release|Any CPU
		{017FCBAF-B6A3-415A-9D15-60EE1E06DC82}.Release|Any CPU.Build.0 = Release|Any CPU
	EndGlobalSection
	GlobalSection(SolutionProperties) = preSolution
		HideSolutionNode = FALSE
	EndGlobalSection
	GlobalSection(ExtensibilityGlobals) = postSolution
		SolutionGuid = {A5F46F62-8364-49B7-BC1F-B4AFED467CFB}
	EndGlobalSection
EndGlobal
